
Microsoft Visual Studio Solution File, Format Version 12.00
# Visual Studio Version 16
VisualStudioVersion = 16.0.31729.503
MinimumVisualStudioVersion = 10.0.40219.1
Project("{FAE04EC0-301F-11D3-BF4B-00C04F79EFBC}") = "L12 CHGC 1143421", "L12 CHGC 1143421.csproj", "{43372F97-B74F-4DD4-87E9-A688A200AA69}"
EndProject
Global
	GlobalSection(SolutionConfigurationPlatforms) = preSolution
		Debug|Any CPU = Debug|Any CPU
		Release|Any CPU = Release|Any CPU
	EndGlobalSection
	GlobalSection(ProjectConfigurationPlatforms) = postSolution
		{43372F97-B74F-4DD4-87E9-A688A200AA69}.Debug|Any CPU.ActiveCfg = Debug|Any CPU
		{43372F97-B74F-4DD4-87E9-A688A200AA69}.Debug|Any CPU.Build.0 = Debug|Any CPU
		{43372F97-B74F-4DD4-87E9-A688A200AA69}.Release|Any CPU.ActiveCfg = Release|Any CPU
		{43372F97-B74F-4DD4-87E9-A688A200AA69}.Release|Any CPU.Build.0 = Release|Any CPU
	EndGlobalSection
	GlobalSection(SolutionProperties) = preSolution
		HideSolutionNode = FALSE
	EndGlobalSection
	GlobalSection(ExtensibilityGlobals) = postSolution
		SolutionGuid = {BCA13844-F8C7-4607-9F54-AFDB2A09316A}
	EndGlobalSection
EndGlobal
